
Microsoft Visual Studio Solution File, Format Version 12.00
# Visual Studio Version 16
VisualStudioVersion = 16.0.31702.278
MinimumVisualStudioVersion = 10.0.40219.1
Project("{FAE04EC0-301F-11D3-BF4B-00C04F79EFBC}") = "BigSchool", "BigSchool\BigSchool.csproj", "{3D6CF7B5-34EF-4708-91AC-5E75A3293A22}"
EndProject
Global
	GlobalSection(SolutionConfigurationPlatforms) = preSolution
		Debug|Any CPU = Debug|Any CPU
		Release|Any CPU = Release|Any CPU
	EndGlobalSection
	GlobalSection(ProjectConfigurationPlatforms) = postSolution
		{3D6CF7B5-34EF-4708-91AC-5E75A3293A22}.Debug|Any CPU.ActiveCfg = Debug|Any CPU
		{3D6CF7B5-34EF-4708-91AC-5E75A3293A22}.Debug|Any CPU.Build.0 = Debug|Any CPU
		{3D6CF7B5-34EF-4708-91AC-5E75A3293A22}.Release|Any CPU.ActiveCfg = Release|Any CPU
		{3D6CF7B5-34EF-4708-91AC-5E75A3293A22}.Release|Any CPU.Build.0 = Release|Any CPU
	EndGlobalSection
	GlobalSection(SolutionProperties) = preSolution
		HideSolutionNode = FALSE
	EndGlobalSection
	GlobalSection(ExtensibilityGlobals) = postSolution
		SolutionGuid = {637B7C1B-7B93-492C-89BA-DEF019F04AD5}
	EndGlobalSection
EndGlobal
